{
  "name": "moduleB",
  "version": "1.0.0",
  "lockfileVersion": 1,
  "requires": true,
  "dependencies": {
    "moduleF": {
      "version": "github:brcps12/hoisted-electron-builder#15e9cc6f9b355730df8bf361c8d465f5a28c00ee",
      "from": "github:brcps12/hoisted-electron-builder#moduleF2.0"
    }
  }
}
