{
  "name": "moduleA",
  "version": "1.0.0",
  "lockfileVersion": 1,
  "requires": true,
  "dependencies": {
    "moduleF": {
      "version": "github:brcps12/hoisted-electron-builder#306f90510dc5bad0cbd80083a93ed6253da7a65e",
      "from": "github:brcps12/hoisted-electron-builder#moduleF1.0"
    }
  }
}
